
Microsoft Visual Studio Solution File, Format Version 12.00
# Visual Studio Version 17
VisualStudioVersion = 17.8.34525.116
MinimumVisualStudioVersion = 10.0.40219.1
Project("{FAE04EC0-301F-11D3-BF4B-00C04F79EFBC}") = "SendToRisService", "SendToRisService\SendToRisService.csproj", "{01B435E3-179F-4316-85A5-B9492D792A37}"
EndProject
Global
	GlobalSection(SolutionConfigurationPlatforms) = preSolution
		Debug|Any CPU = Debug|Any CPU
		Release|Any CPU = Release|Any CPU
	EndGlobalSection
	GlobalSection(ProjectConfigurationPlatforms) = postSolution
		{01B435E3-179F-4316-85A5-B9492D792A37}.Debug|Any CPU.ActiveCfg = Debug|Any CPU
		{01B435E3-179F-4316-85A5-B9492D792A37}.Debug|Any CPU.Build.0 = Debug|Any CPU
		{01B435E3-179F-4316-85A5-B9492D792A37}.Release|Any CPU.ActiveCfg = Release|Any CPU
		{01B435E3-179F-4316-85A5-B9492D792A37}.Release|Any CPU.Build.0 = Release|Any CPU
	EndGlobalSection
	GlobalSection(SolutionProperties) = preSolution
		HideSolutionNode = FALSE
	EndGlobalSection
	GlobalSection(ExtensibilityGlobals) = postSolution
		SolutionGuid = {395F0B42-CAE5-489E-990B-F81244218241}
	EndGlobalSection
EndGlobal
